
Microsoft Visual Studio Solution File, Format Version 12.00
# Visual Studio Version 17
VisualStudioVersion = 17.8.34525.116
MinimumVisualStudioVersion = 10.0.40219.1
Project("{FAE04EC0-301F-11D3-BF4B-00C04F79EFBC}") = "API.Versioning", "API.Versioning\API.Versioning.csproj", "{B85F2C04-42B5-4EFC-A2C1-56AF50515AFA}"
EndProject
Global
	GlobalSection(SolutionConfigurationPlatforms) = preSolution
		Debug|Any CPU = Debug|Any CPU
		Release|Any CPU = Release|Any CPU
	EndGlobalSection
	GlobalSection(ProjectConfigurationPlatforms) = postSolution
		{B85F2C04-42B5-4EFC-A2C1-56AF50515AFA}.Debug|Any CPU.ActiveCfg = Debug|Any CPU
		{B85F2C04-42B5-4EFC-A2C1-56AF50515AFA}.Debug|Any CPU.Build.0 = Debug|Any CPU
		{B85F2C04-42B5-4EFC-A2C1-56AF50515AFA}.Release|Any CPU.ActiveCfg = Release|Any CPU
		{B85F2C04-42B5-4EFC-A2C1-56AF50515AFA}.Release|Any CPU.Build.0 = Release|Any CPU
	EndGlobalSection
	GlobalSection(SolutionProperties) = preSolution
		HideSolutionNode = FALSE
	EndGlobalSection
	GlobalSection(ExtensibilityGlobals) = postSolution
		SolutionGuid = {FBBE3B7D-57A6-42AE-92EB-C407800ABCEE}
	EndGlobalSection
EndGlobal
